
Microsoft Visual Studio Solution File, Format Version 12.00
# Visual Studio Version 17
VisualStudioVersion = 17.5.33530.505
MinimumVisualStudioVersion = 10.0.40219.1
Project("{FAE04EC0-301F-11D3-BF4B-00C04F79EFBC}") = "devicesItDepartment", "devicesItDepartment\devicesItDepartment.csproj", "{BF23530A-A352-44C8-BC4F-38A8A51AE1EF}"
EndProject
Global
	GlobalSection(SolutionConfigurationPlatforms) = preSolution
		Debug|Any CPU = Debug|Any CPU
		Release|Any CPU = Release|Any CPU
	EndGlobalSection
	GlobalSection(ProjectConfigurationPlatforms) = postSolution
		{BF23530A-A352-44C8-BC4F-38A8A51AE1EF}.Debug|Any CPU.ActiveCfg = Debug|Any CPU
		{BF23530A-A352-44C8-BC4F-38A8A51AE1EF}.Debug|Any CPU.Build.0 = Debug|Any CPU
		{BF23530A-A352-44C8-BC4F-38A8A51AE1EF}.Release|Any CPU.ActiveCfg = Release|Any CPU
		{BF23530A-A352-44C8-BC4F-38A8A51AE1EF}.Release|Any CPU.Build.0 = Release|Any CPU
	EndGlobalSection
	GlobalSection(SolutionProperties) = preSolution
		HideSolutionNode = FALSE
	EndGlobalSection
	GlobalSection(ExtensibilityGlobals) = postSolution
		SolutionGuid = {692D0000-00D6-4434-9A4C-FCCEA0FDE786}
	EndGlobalSection
EndGlobal
